
Microsoft Visual Studio Solution File, Format Version 12.00
# Visual Studio Version 17
VisualStudioVersion = 17.0.31903.59
MinimumVisualStudioVersion = 10.0.40219.1
Project("{FAE04EC0-301F-11D3-BF4B-00C04F79EFBC}") = "WorkHub.Api", "WorkHub.Api\WorkHub.Api.csproj", "{A79A09D8-9112-4902-A72D-76890FE5BF88}"
EndProject
Project("{FAE04EC0-301F-11D3-BF4B-00C04F79EFBC}") = "WorkHub", "WorkHub\WorkHub.csproj", "{31980246-F3E1-4A9C-AA6C-0D82DAC6D831}"
EndProject
Global
	GlobalSection(SolutionConfigurationPlatforms) = preSolution
		Debug|Any CPU = Debug|Any CPU
		Debug|x64 = Debug|x64
		Debug|x86 = Debug|x86
		Release|Any CPU = Release|Any CPU
		Release|x64 = Release|x64
		Release|x86 = Release|x86
	EndGlobalSection
	GlobalSection(ProjectConfigurationPlatforms) = postSolution
		{A79A09D8-9112-4902-A72D-76890FE5BF88}.Debug|Any CPU.ActiveCfg = Debug|Any CPU
		{A79A09D8-9112-4902-A72D-76890FE5BF88}.Debug|Any CPU.Build.0 = Debug|Any CPU
		{A79A09D8-9112-4902-A72D-76890FE5BF88}.Debug|x64.ActiveCfg = Debug|Any CPU
		{A79A09D8-9112-4902-A72D-76890FE5BF88}.Debug|x64.Build.0 = Debug|Any CPU
		{A79A09D8-9112-4902-A72D-76890FE5BF88}.Debug|x86.ActiveCfg = Debug|Any CPU
		{A79A09D8-9112-4902-A72D-76890FE5BF88}.Debug|x86.Build.0 = Debug|Any CPU
		{A79A09D8-9112-4902-A72D-76890FE5BF88}.Release|Any CPU.ActiveCfg = Release|Any CPU
		{A79A09D8-9112-4902-A72D-76890FE5BF88}.Release|Any CPU.Build.0 = Release|Any CPU
		{A79A09D8-9112-4902-A72D-76890FE5BF88}.Release|x64.ActiveCfg = Release|Any CPU
		{A79A09D8-9112-4902-A72D-76890FE5BF88}.Release|x64.Build.0 = Release|Any CPU
		{A79A09D8-9112-4902-A72D-76890FE5BF88}.Release|x86.ActiveCfg = Release|Any CPU
		{A79A09D8-9112-4902-A72D-76890FE5BF88}.Release|x86.Build.0 = Release|Any CPU
		{31980246-F3E1-4A9C-AA6C-0D82DAC6D831}.Debug|Any CPU.ActiveCfg = Debug|Any CPU
		{31980246-F3E1-4A9C-AA6C-0D82DAC6D831}.Debug|Any CPU.Build.0 = Debug|Any CPU
		{31980246-F3E1-4A9C-AA6C-0D82DAC6D831}.Debug|x64.ActiveCfg = Debug|Any CPU
		{31980246-F3E1-4A9C-AA6C-0D82DAC6D831}.Debug|x64.Build.0 = Debug|Any CPU
		{31980246-F3E1-4A9C-AA6C-0D82DAC6D831}.Debug|x86.ActiveCfg = Debug|Any CPU
		{31980246-F3E1-4A9C-AA6C-0D82DAC6D831}.Debug|x86.Build.0 = Debug|Any CPU
		{31980246-F3E1-4A9C-AA6C-0D82DAC6D831}.Release|Any CPU.ActiveCfg = Release|Any CPU
		{31980246-F3E1-4A9C-AA6C-0D82DAC6D831}.Release|Any CPU.Build.0 = Release|Any CPU
		{31980246-F3E1-4A9C-AA6C-0D82DAC6D831}.Release|x64.ActiveCfg = Release|Any CPU
		{31980246-F3E1-4A9C-AA6C-0D82DAC6D831}.Release|x64.Build.0 = Release|Any CPU
		{31980246-F3E1-4A9C-AA6C-0D82DAC6D831}.Release|x86.ActiveCfg = Release|Any CPU
		{31980246-F3E1-4A9C-AA6C-0D82DAC6D831}.Release|x86.Build.0 = Release|Any CPU
	EndGlobalSection
	GlobalSection(SolutionProperties) = preSolution
		HideSolutionNode = FALSE
	EndGlobalSection
EndGlobal
